// !$*UTF8*$!
{
	archiveVersion = 1;
	classes = {
	};
	objectVersion = 46;
	objects = {

/* Begin PBXBuildFile section */
		99AEC39D19478BEF00C461E5 /* Foundation.framework in Frameworks */ = {isa = PBXBuildFile; fileRef = 99AEC39C19478BEF00C461E5 /* Foundation.framework */; };
		99AEC39F19478BEF00C461E5 /* CoreGraphics.framework in Frameworks */ = {isa = PBXBuildFile; fileRef = 99AEC39E19478BEF00C461E5 /* CoreGraphics.framework */; };
		99AEC3A119478BEF00C461E5 /* UIKit.framework in Frameworks */ = {isa = PBXBuildFile; fileRef = 99AEC3A019478BEF00C461E5 /* UIKit.framework */; };
		99AEC3A719478BEF00C461E5 /* InfoPlist.strings in Resources */ = {isa = PBXBuildFile; fileRef = 99AEC3A519478BEF00C461E5 /* InfoPlist.strings */; };
		99AEC3A919478BEF00C461E5 /* main.m in Sources */ = {isa = PBXBuildFile; fileRef = 99AEC3A819478BEF00C461E5 /* main.m */; };
		99AEC3AD19478BEF00C461E5 /* UBA_TechAppDelegate.m in Sources */ = {isa = PBXBuildFile; fileRef = 99AEC3AC19478BEF00C461E5 /* UBA_TechAppDelegate.m */; };
		99AEC3B019478BEF00C461E5 /* Main.storyboard in Resources */ = {isa = PBXBuildFile; fileRef = 99AEC3AE19478BEF00C461E5 /* Main.storyboard */; };
		99AEC3B319478BEF00C461E5 /* UBA_TechViewController.m in Sources */ = {isa = PBXBuildFile; fileRef = 99AEC3B219478BEF00C461E5 /* UBA_TechViewController.m */; };
		99AEC3B519478BEF00C461E5 /* Images.xcassets in Resources */ = {isa = PBXBuildFile; fileRef = 99AEC3B419478BEF00C461E5 /* Images.xcassets */; };
		99AEC3BC19478BEF00C461E5 /* XCTest.framework in Frameworks */ = {isa = PBXBuildFile; fileRef = 99AEC3BB19478BEF00C461E5 /* XCTest.framework */; };
		99AEC3BD19478BEF00C461E5 /* Foundation.framework in Frameworks */ = {isa = PBXBuildFile; fileRef = 99AEC39C19478BEF00C461E5 /* Foundation.framework */; };
		99AEC3BE19478BEF00C461E5 /* UIKit.framework in Frameworks */ = {isa = PBXBuildFile; fileRef = 99AEC3A019478BEF00C461E5 /* UIKit.framework */; };
		99AEC3C619478BEF00C461E5 /* InfoPlist.strings in Resources */ = {isa = PBXBuildFile; fileRef = 99AEC3C419478BEF00C461E5 /* InfoPlist.strings */; };
		99AEC3C819478BEF00C461E5 /* Git_TestTests.m in Sources */ = {isa = PBXBuildFile; fileRef = 99AEC3C719478BEF00C461E5 /* Git_TestTests.m */; };
/* End PBXBuildFile section */

/* Begin PBXContainerItemProxy section */
		99AEC3BF19478BEF00C461E5 /* PBXContainerItemProxy */ = {
			isa = PBXContainerItemProxy;
			containerPortal = 99AEC39119478BEF00C461E5 /* Project object */;
			proxyType = 1;
			remoteGlobalIDString = 99AEC39819478BEF00C461E5;
			remoteInfo = "Git Test";
		};
/* End PBXContainerItemProxy section */

/* Begin PBXFileReference section */
		99AEC39919478BEF00C461E5 /* Git Test.app */ = {isa = PBXFileReference; explicitFileType = wrapper.application; includeInIndex = 0; path = "Git Test.app"; sourceTree = BUILT_PRODUCTS_DIR; };
		99AEC39C19478BEF00C461E5 /* Foundation.framework */ = {isa = PBXFileReference; lastKnownFileType = wrapper.framework; name = Foundation.framework; path = System/Library/Frameworks/Foundation.framework; sourceTree = SDKROOT; };
		99AEC39E19478BEF00C461E5 /* CoreGraphics.framework */ = {isa = PBXFileReference; lastKnownFileType = wrapper.framework; name = CoreGraphics.framework; path = System/Library/Frameworks/CoreGraphics.framework; sourceTree = SDKROOT; };
		99AEC3A019478BEF00C461E5 /* UIKit.framework */ = {isa = PBXFileReference; lastKnownFileType = wrapper.framework; name = UIKit.framework; path = System/Library/Frameworks/UIKit.framework; sourceTree = SDKROOT; };
		99AEC3A419478BEF00C461E5 /* Git Test-Info.plist */ = {isa = PBXFileReference; lastKnownFileType = text.plist.xml; path = "Git Test-Info.plist"; sourceTree = "<group>"; };
		99AEC3A619478BEF00C461E5 /* en */ = {isa = PBXFileReference; lastKnownFileType = text.plist.strings; name = en; path = en.lproj/InfoPlist.strings; sourceTree = "<group>"; };
		99AEC3A819478BEF00C461E5 /* main.m */ = {isa = PBXFileReference; lastKnownFileType = sourcecode.c.objc; path = main.m; sourceTree = "<group>"; };
		99AEC3AA19478BEF00C461E5 /* Git Test-Prefix.pch */ = {isa = PBXFileReference; lastKnownFileType = sourcecode.c.h; path = "Git Test-Prefix.pch"; sourceTree = "<group>"; };
		99AEC3AB19478BEF00C461E5 /* UBA_TechAppDelegate.h */ = {isa = PBXFileReference; lastKnownFileType = sourcecode.c.h; path = UBA_TechAppDelegate.h; sourceTree = "<group>"; };
		99AEC3AC19478BEF00C461E5 /* UBA_TechAppDelegate.m */ = {isa = PBXFileReference; lastKnownFileType = sourcecode.c.objc; path = UBA_TechAppDelegate.m; sourceTree = "<group>"; };
		99AEC3AF19478BEF00C461E5 /* Base */ = {isa = PBXFileReference; lastKnownFileType = file.storyboard; name = Base; path = Base.lproj/Main.storyboard; sourceTree = "<group>"; };
		99AEC3B119478BEF00C461E5 /* UBA_TechViewController.h */ = {isa = PBXFileReference; lastKnownFileType = sourcecode.c.h; path = UBA_TechViewController.h; sourceTree = "<group>"; };
		99AEC3B219478BEF00C461E5 /* UBA_TechViewController.m */ = {isa = PBXFileReference; lastKnownFileType = sourcecode.c.objc; path = UBA_TechViewController.m; sourceTree = "<group>"; };
		99AEC3B419478BEF00C461E5 /* Images.xcassets */ = {isa = PBXFileReference; lastKnownFileType = folder.assetcatalog; path = Images.xcassets; sourceTree = "<group>"; };
		99AEC3BA19478BEF00C461E5 /* Git TestTests.xctest */ = {isa = PBXFileReference; explicitFileType = wrapper.cfbundle; includeInIndex = 0; path = "Git TestTests.xctest"; sourceTree = BUILT_PRODUCTS_DIR; };
		99AEC3BB19478BEF00C461E5 /* XCTest.framework */ = {isa = PBXFileReference; lastKnownFileType = wrapper.framework; name = XCTest.framework; path = Library/Frameworks/XCTest.framework; sourceTree = DEVELOPER_DIR; };
		99AEC3C319478BEF00C461E5 /* Git TestTests-Info.plist */ = {isa = PBXFileReference; lastKnownFileType = text.plist.xml; path = "Git TestTests-Info.plist"; sourceTree = "<group>"; };
		99AEC3C519478BEF00C461E5 /* en */ = {isa = PBXFileReference; lastKnownFileType = text.plist.strings; name = en; path = en.lproj/InfoPlist.strings; sourceTree = "<group>"; };
		99AEC3C719478BEF00C461E5 /* Git_TestTests.m */ = {isa = PBXFileReference; lastKnownFileType = sourcecode.c.objc; path = Git_TestTests.m; sourceTree = "<group>"; };
/* End PBXFileReference section */

/* Begin PBXFrameworksBuildPhase section */
		99AEC39619478BEF00C461E5 /* Frameworks */ = {
			isa = PBXFrameworksBuildPhase;
			buildActionMask = 2147483647;
			files = (
				99AEC39F19478BEF00C461E5 /* CoreGraphics.framework in Frameworks */,
				99AEC3A119478BEF00C461E5 /* UIKit.framework in Frameworks */,
				99AEC39D19478BEF00C461E5 /* Foundation.framework in Frameworks */,
			);
			runOnlyForDeploymentPostprocessing = 0;
		};
		99AEC3B719478BEF00C461E5 /* Frameworks */ = {
			isa = PBXFrameworksBuildPhase;
			buildActionMask = 2147483647;
			files = (
				99AEC3BC19478BEF00C461E5 /* XCTest.framework in Frameworks */,
				99AEC3BE19478BEF00C461E5 /* UIKit.framework in Frameworks */,
				99AEC3BD19478BEF00C461E5 /* Foundation.framework in Frameworks */,
			);
			runOnlyForDeploymentPostprocessing = 0;
		};
/* End PBXFrameworksBuildPhase section */

/* Begin PBXGroup section */
		99AEC39019478BEF00C461E5 = {
			isa = PBXGroup;
			children = (
				99AEC3A219478BEF00C461E5 /* Git Test */,
				99AEC3C119478BEF00C461E5 /* Git TestTests */,
				99AEC39B19478BEF00C461E5 /* Frameworks */,
				99AEC39A19478BEF00C461E5 /* Products */,
			);
			sourceTree = "<group>";
		};
		99AEC39A19478BEF00C461E5 /* Products */ = {
			isa = PBXGroup;
			children = (
				99AEC39919478BEF00C461E5 /* Git Test.app */,
				99AEC3BA19478BEF00C461E5 /* Git TestTests.xctest */,
			);
			name = Products;
			sourceTree = "<group>";
		};
		99AEC39B19478BEF00C461E5 /* Frameworks */ = {
			isa = PBXGroup;
			children = (
				99AEC39C19478BEF00C461E5 /* Foundation.framework */,
				99AEC39E19478BEF00C461E5 /* CoreGraphics.framework */,
				99AEC3A019478BEF00C461E5 /* UIKit.framework */,
				99AEC3BB19478BEF00C461E5 /* XCTest.framework */,
			);
			name = Frameworks;
			sourceTree = "<group>";
		};
		99AEC3A219478BEF00C461E5 /* Git Test */ = {
			isa = PBXGroup;
			children = (
				99AEC3AB19478BEF00C461E5 /* UBA_TechAppDelegate.h */,
				99AEC3AC19478BEF00C461E5 /* UBA_TechAppDelegate.m */,
				99AEC3AE19478BEF00C461E5 /* Main.storyboard */,
				99AEC3B119478BEF00C461E5 /* UBA_TechViewController.h */,
				99AEC3B219478BEF00C461E5 /* UBA_TechViewController.m */,
				99AEC3B419478BEF00C461E5 /* Images.xcassets */,
				99AEC3A319478BEF00C461E5 /* Supporting Files */,
			);
			path = "Git Test";
			sourceTree = "<group>";
		};
		99AEC3A319478BEF00C461E5 /* Supporting Files */ = {
			isa = PBXGroup;
			children = (
				99AEC3A419478BEF00C461E5 /* Git Test-Info.plist */,
				99AEC3A519478BEF00C461E5 /* InfoPlist.strings */,
				99AEC3A819478BEF00C461E5 /* main.m */,
				99AEC3AA19478BEF00C461E5 /* Git Test-Prefix.pch */,
			);
			name = "Supporting Files";
			sourceTree = "<group>";
		};
		99AEC3C119478BEF00C461E5 /* Git TestTests */ = {
			isa = PBXGroup;
			children = (
				99AEC3C719478BEF00C461E5 /* Git_TestTests.m */,
				99AEC3C219478BEF00C461E5 /* Supporting Files */,
			);
			path = "Git TestTests";
			sourceTree = "<group>";
		};
		99AEC3C219478BEF00C461E5 /* Supporting Files */ = {
			isa = PBXGroup;
			children = (
				99AEC3C319478BEF00C461E5 /* Git TestTests-Info.plist */,
				99AEC3C419478BEF00C461E5 /* InfoPlist.strings */,
			);
			name = "Supporting Files";
			sourceTree = "<group>";
		};
/* End PBXGroup section */

/* Begin PBXNativeTarget section */
		99AEC39819478BEF00C461E5 /* Git Test */ = {
			isa = PBXNativeTarget;
			buildConfigurationList = 99AEC3CB19478BEF00C461E5 /* Build configuration list for PBXNativeTarget "Git Test" */;
			buildPhases = (
				99AEC39519478BEF00C461E5 /* Sources */,
				99AEC39619478BEF00C461E5 /* Frameworks */,
				99AEC39719478BEF00C461E5 /* Resources */,
			);
			buildRules = (
			);
			dependencies = (
			);
			name = "Git Test";
			productName = "Git Test";
			productReference = 99AEC39919478BEF00C461E5 /* Git Test.app */;
			productType = "com.apple.product-type.application";
		};
		99AEC3B919478BEF00C461E5 /* Git TestTests */ = {
			isa = PBXNativeTarget;
			buildConfigurationList = 99AEC3CE19478BEF00C461E5 /* Build configuration list for PBXNativeTarget "Git TestTests" */;
			buildPhases = (
				99AEC3B619478BEF00C461E5 /* Sources */,
				99AEC3B719478BEF00C461E5 /* Frameworks */,
				99AEC3B819478BEF00C461E5 /* Resources */,
			);
			buildRules = (
			);
			dependencies = (
				99AEC3C019478BEF00C461E5 /* PBXTargetDependency */,
			);
			name = "Git TestTests";
			productName = "Git TestTests";
			productReference = 99AEC3BA19478BEF00C461E5 /* Git TestTests.xctest */;
			productType = "com.apple.product-type.bundle.unit-test";
		};
/* End PBXNativeTarget section */

/* Begin PBXProject section */
		99AEC39119478BEF00C461E5 /* Project object */ = {
			isa = PBXProject;
			attributes = {
				CLASSPREFIX = UBA_Tech;
				LastUpgradeCheck = 0510;
				ORGANIZATIONNAME = "UBA Tech";
				TargetAttributes = {
					99AEC3B919478BEF00C461E5 = {
						TestTargetID = 99AEC39819478BEF00C461E5;
					};
				};
			};
			buildConfigurationList = 99AEC39419478BEF00C461E5 /* Build configuration list for PBXProject "Git Test" */;
			compatibilityVersion = "Xcode 3.2";
			developmentRegion = English;
			hasScannedForEncodings = 0;
			knownRegions = (
				en,
				Base,
			);
			mainGroup = 99AEC39019478BEF00C461E5;
			productRefGroup = 99AEC39A19478BEF00C461E5 /* Products */;
			projectDirPath = "";
			projectRoot = "";
			targets = (
				99AEC39819478BEF00C461E5 /* Git Test */,
				99AEC3B919478BEF00C461E5 /* Git TestTests */,
			);
		};
/* End PBXProject section */

/* Begin PBXResourcesBuildPhase section */
		99AEC39719478BEF00C461E5 /* Resources */ = {
			isa = PBXResourcesBuildPhase;
			buildActionMask = 2147483647;
			files = (
				99AEC3B519478BEF00C461E5 /* Images.xcassets in Resources */,
				99AEC3A719478BEF00C461E5 /* InfoPlist.strings in Resources */,
				99AEC3B019478BEF00C461E5 /* Main.storyboard in Resources */,
			);
			runOnlyForDeploymentPostprocessing = 0;
		};
		99AEC3B819478BEF00C461E5 /* Resources */ = {
			isa = PBXResourcesBuildPhase;
			buildActionMask = 2147483647;
			files = (
				99AEC3C619478BEF00C461E5 /* InfoPlist.strings in Resources */,
			);
			runOnlyForDeploymentPostprocessing = 0;
		};
/* End PBXResourcesBuildPhase section */

/* Begin PBXSourcesBuildPhase section */
		99AEC39519478BEF00C461E5 /* Sources */ = {
			isa = PBXSourcesBuildPhase;
			buildActionMask = 2147483647;
			files = (
				99AEC3B319478BEF00C461E5 /* UBA_TechViewController.m in Sources */,
				99AEC3A919478BEF00C461E5 /* main.m in Sources */,
				99AEC3AD19478BEF00C461E5 /* UBA_TechAppDelegate.m in Sources */,
			);
			runOnlyForDeploymentPostprocessing = 0;
		};
		99AEC3B619478BEF00C461E5 /* Sources */ = {
			isa = PBXSourcesBuildPhase;
			buildActionMask = 2147483647;
			files = (
				99AEC3C819478BEF00C461E5 /* Git_TestTests.m in Sources */,
			);
			runOnlyForDeploymentPostprocessing = 0;
		};
/* End PBXSourcesBuildPhase section */

/* Begin PBXTargetDependency section */
		99AEC3C019478BEF00C461E5 /* PBXTargetDependency */ = {
			isa = PBXTargetDependency;
			target = 99AEC39819478BEF00C461E5 /* Git Test */;
			targetProxy = 99AEC3BF19478BEF00C461E5 /* PBXContainerItemProxy */;
		};
/* End PBXTargetDependency section */

/* Begin PBXVariantGroup section */
		99AEC3A519478BEF00C461E5 /* InfoPlist.strings */ = {
			isa = PBXVariantGroup;
			children = (
				99AEC3A619478BEF00C461E5 /* en */,
			);
			name = InfoPlist.strings;
			sourceTree = "<group>";
		};
		99AEC3AE19478BEF00C461E5 /* Main.storyboard */ = {
			isa = PBXVariantGroup;
			children = (
				99AEC3AF19478BEF00C461E5 /* Base */,
			);
			name = Main.storyboard;
			sourceTree = "<group>";
		};
		99AEC3C419478BEF00C461E5 /* InfoPlist.strings */ = {
			isa = PBXVariantGroup;
			children = (
				99AEC3C519478BEF00C461E5 /* en */,
			);
			name = InfoPlist.strings;
			sourceTree = "<group>";
		};
/* End PBXVariantGroup section */

/* Begin XCBuildConfiguration section */
		99AEC3C919478BEF00C461E5 /* Debug */ = {
			isa = XCBuildConfiguration;
			buildSettings = {
				ALWAYS_SEARCH_USER_PATHS = NO;
				CLANG_CXX_LANGUAGE_STANDARD = "gnu++0x";
				CLANG_CXX_LIBRARY = "libc++";
				CLANG_ENABLE_MODULES = YES;
				CLANG_ENABLE_OBJC_ARC = YES;
				CLANG_WARN_BOOL_CONVERSION = YES;
				CLANG_WARN_CONSTANT_CONVERSION = YES;
				CLANG_WARN_DIRECT_OBJC_ISA_USAGE = YES_ERROR;
				CLANG_WARN_EMPTY_BODY = YES;
				CLANG_WARN_ENUM_CONVERSION = YES;
				CLANG_WARN_INT_CONVERSION = YES;
				CLANG_WARN_OBJC_ROOT_CLASS = YES_ERROR;
				CLANG_WARN__DUPLICATE_METHOD_MATCH = YES;
				"CODE_SIGN_IDENTITY[sdk=iphoneos*]" = "iPhone Developer";
				COPY_PHASE_STRIP = NO;
				GCC_C_LANGUAGE_STANDARD = gnu99;
				GCC_DYNAMIC_NO_PIC = NO;
				GCC_OPTIMIZATION_LEVEL = 0;
				GCC_PREPROCESSOR_DEFINITIONS = (
					"DEBUG=1",
					"$(inherited)",
				);
				GCC_SYMBOLS_PRIVATE_EXTERN = NO;
				GCC_WARN_64_TO_32_BIT_CONVERSION = YES;
				GCC_WARN_ABOUT_RETURN_TYPE = YES_ERROR;
				GCC_WARN_UNDECLARED_SELECTOR = YES;
				GCC_WARN_UNINITIALIZED_AUTOS = YES_AGGRESSIVE;
				GCC_WARN_UNUSED_FUNCTION = YES;
				GCC_WARN_UNUSED_VARIABLE = YES;
				IPHONEOS_DEPLOYMENT_TARGET = 7.1;
				ONLY_ACTIVE_ARCH = YES;
				SDKROOT = iphoneos;
			};
			name = Debug;
		};
		99AEC3CA19478BEF00C461E5 /* Release */ = {
			isa = XCBuildConfiguration;
			buildSettings = {
				ALWAYS_SEARCH_USER_PATHS = NO;
				CLANG_CXX_LANGUAGE_STANDARD = "gnu++0x";
				CLANG_CXX_LIBRARY = "libc++";
				CLANG_ENABLE_MODULES = YES;
				CLANG_ENABLE_OBJC_ARC = YES;
				CLANG_WARN_BOOL_CONVERSION = YES;
				CLANG_WARN_CONSTANT_CONVERSION = YES;
				CLANG_WARN_DIRECT_OBJC_ISA_USAGE = YES_ERROR;
				CLANG_WARN_EMPTY_BODY = YES;
				CLANG_WARN_ENUM_CONVERSION = YES;
				CLANG_WARN_INT_CONVERSION = YES;
				CLANG_WARN_OBJC_ROOT_CLASS = YES_ERROR;
				CLANG_WARN__DUPLICATE_METHOD_MATCH = YES;
				"CODE_SIGN_IDENTITY[sdk=iphoneos*]" = "iPhone Developer";
				COPY_PHASE_STRIP = YES;
				ENABLE_NS_ASSERTIONS = NO;
				GCC_C_LANGUAGE_STANDARD = gnu99;
				GCC_WARN_64_TO_32_BIT_CONVERSION = YES;
				GCC_WARN_ABOUT_RETURN_TYPE = YES_ERROR;
				GCC_WARN_UNDECLARED_SELECTOR = YES;
				GCC_WARN_UNINITIALIZED_AUTOS = YES_AGGRESSIVE;
				GCC_WARN_UNUSED_FUNCTION = YES;
				GCC_WARN_UNUSED_VARIABLE = YES;
				IPHONEOS_DEPLOYMENT_TARGET = 7.1;
				SDKROOT = iphoneos;
				VALIDATE_PRODUCT = YES;
			};
			name = Release;
		};
		99AEC3CC19478BEF00C461E5 /* Debug */ = {
			isa = XCBuildConfiguration;
			buildSettings = {
				ASSETCATALOG_COMPILER_APPICON_NAME = AppIcon;
				ASSETCATALOG_COMPILER_LAUNCHIMAGE_NAME = LaunchImage;
				GCC_PRECOMPILE_PREFIX_HEADER = YES;
				GCC_PREFIX_HEADER = "Git Test/Git Test-Prefix.pch";
				INFOPLIST_FILE = "Git Test/Git Test-Info.plist";
				PRODUCT_NAME = "$(TARGET_NAME)";
				WRAPPER_EXTENSION = app;
			};
			name = Debug;
		};
		99AEC3CD19478BEF00C461E5 /* Release */ = {
			isa = XCBuildConfiguration;
			buildSettings = {
				ASSETCATALOG_COMPILER_APPICON_NAME = AppIcon;
				ASSETCATALOG_COMPILER_LAUNCHIMAGE_NAME = LaunchImage;
				GCC_PRECOMPILE_PREFIX_HEADER = YES;
				GCC_PREFIX_HEADER = "Git Test/Git Test-Prefix.pch";
				INFOPLIST_FILE = "Git Test/Git Test-Info.plist";
				PRODUCT_NAME = "$(TARGET_NAME)";
				WRAPPER_EXTENSION = app;
			};
			name = Release;
		};
		99AEC3CF19478BEF00C461E5 /* Debug */ = {
			isa = XCBuildConfiguration;
			buildSettings = {
				BUNDLE_LOADER = "$(BUILT_PRODUCTS_DIR)/Git Test.app/Git Test";
				FRAMEWORK_SEARCH_PATHS = (
					"$(SDKROOT)/Developer/Library/Frameworks",
					"$(inherited)",
					"$(DEVELOPER_FRAMEWORKS_DIR)",
				);
				GCC_PRECOMPILE_PREFIX_HEADER = YES;
				GCC_PREFIX_HEADER = "Git Test/Git Test-Prefix.pch";
				GCC_PREPROCESSOR_DEFINITIONS = (
					"DEBUG=1",
					"$(inherited)",
				);
				INFOPLIST_FILE = "Git TestTests/Git TestTests-Info.plist";
				PRODUCT_NAME = "$(TARGET_NAME)";
				TEST_HOST = "$(BUNDLE_LOADER)";
				WRAPPER_EXTENSION = xctest;
			};
			name = Debug;
		};
		99AEC3D019478BEF00C461E5 /* Release */ = {
			isa = XCBuildConfiguration;
			buildSettings = {
				BUNDLE_LOADER = "$(BUILT_PRODUCTS_DIR)/Git Test.app/Git Test";
				FRAMEWORK_SEARCH_PATHS = (
					"$(SDKROOT)/Developer/Library/Frameworks",
					"$(inherited)",
					"$(DEVELOPER_FRAMEWORKS_DIR)",
				);
				GCC_PRECOMPILE_PREFIX_HEADER = YES;
				GCC_PREFIX_HEADER = "Git Test/Git Test-Prefix.pch";
				INFOPLIST_FILE = "Git TestTests/Git TestTests-Info.plist";
				PRODUCT_NAME = "$(TARGET_NAME)";
				TEST_HOST = "$(BUNDLE_LOADER)";
				WRAPPER_EXTENSION = xctest;
			};
			name = Release;
		};
/* End XCBuildConfiguration section */

/* Begin XCConfigurationList section */
		99AEC39419478BEF00C461E5 /* Build configuration list for PBXProject "Git Test" */ = {
			isa = XCConfigurationList;
			buildConfigurations = (
				99AEC3C919478BEF00C461E5 /* Debug */,
				99AEC3CA19478BEF00C461E5 /* Release */,
			);
			defaultConfigurationIsVisible = 0;
			defaultConfigurationName = Release;
		};
		99AEC3CB19478BEF00C461E5 /* Build configuration list for PBXNativeTarget "Git Test" */ = {
			isa = XCConfigurationList;
			buildConfigurations = (
				99AEC3CC19478BEF00C461E5 /* Debug */,
				99AEC3CD19478BEF00C461E5 /* Release */,
			);
			defaultConfigurationIsVisible = 0;
		};
		99AEC3CE19478BEF00C461E5 /* Build configuration list for PBXNativeTarget "Git TestTests" */ = {
			isa = XCConfigurationList;
			buildConfigurations = (
				99AEC3CF19478BEF00C461E5 /* Debug */,
				99AEC3D019478BEF00C461E5 /* Release */,
			);
			defaultConfigurationIsVisible = 0;
		};
/* End XCConfigurationList section */
	};
	rootObject = 99AEC39119478BEF00C461E5 /* Project object */;
}
